
Microsoft Visual Studio Solution File, Format Version 12.00
# Visual Studio 15
VisualStudioVersion = 15.0.27703.2035
MinimumVisualStudioVersion = 10.0.40219.1
Project("{FAE04EC0-301F-11D3-BF4B-00C04F79EFBC}") = "Employee", "Employee\Employee.csproj", "{D9C5B94D-2A74-4211-9D0E-5D3DD7FB378E}"
EndProject
Global
	GlobalSection(SolutionConfigurationPlatforms) = preSolution
		Debug|Any CPU = Debug|Any CPU
		Release|Any CPU = Release|Any CPU
	EndGlobalSection
	GlobalSection(ProjectConfigurationPlatforms) = postSolution
		{D9C5B94D-2A74-4211-9D0E-5D3DD7FB378E}.Debug|Any CPU.ActiveCfg = Debug|Any CPU
		{D9C5B94D-2A74-4211-9D0E-5D3DD7FB378E}.Debug|Any CPU.Build.0 = Debug|Any CPU
		{D9C5B94D-2A74-4211-9D0E-5D3DD7FB378E}.Release|Any CPU.ActiveCfg = Release|Any CPU
		{D9C5B94D-2A74-4211-9D0E-5D3DD7FB378E}.Release|Any CPU.Build.0 = Release|Any CPU
	EndGlobalSection
	GlobalSection(SolutionProperties) = preSolution
		HideSolutionNode = FALSE
	EndGlobalSection
	GlobalSection(ExtensibilityGlobals) = postSolution
		SolutionGuid = {F6056CEA-9256-456F-BE1F-B9CDC017A15B}
	EndGlobalSection
EndGlobal
